// !$*UTF8*$!
{
	archiveVersion = 1;
	classes = {
	};
	objectVersion = 50;
	objects = {

/* Begin PBXBuildFile section */
		CE7F287523DEA5E600AB2188 /* UIStackView+Extras.swift in Sources */ = {isa = PBXBuildFile; fileRef = CE7F287423DEA5E600AB2188 /* UIStackView+Extras.swift */; };
		CE7F287C23DEB8B400AB2188 /* GroupItemTableViewCell.swift in Sources */ = {isa = PBXBuildFile; fileRef = CE7F287A23DEB8B400AB2188 /* GroupItemTableViewCell.swift */; };
		CE7F287D23DEB8B400AB2188 /* GroupItemTableViewCell.xib in Resources */ = {isa = PBXBuildFile; fileRef = CE7F287B23DEB8B400AB2188 /* GroupItemTableViewCell.xib */; };
		CE7F288423DFDA5D00AB2188 /* Groups.storyboard in Resources */ = {isa = PBXBuildFile; fileRef = CE7F288223DFDA5D00AB2188 /* Groups.storyboard */; };
		CE7F288823DFDAF400AB2188 /* PlayersTableViewController.swift in Sources */ = {isa = PBXBuildFile; fileRef = CE7F288623DFDAF400AB2188 /* PlayersTableViewController.swift */; };
		CE7F288C23DFDB0B00AB2188 /* Players.storyboard in Resources */ = {isa = PBXBuildFile; fileRef = CE7F288A23DFDB0B00AB2188 /* Players.storyboard */; };
		CEB3DB9023DDF85B004B19C7 /* AppDelegate.swift in Sources */ = {isa = PBXBuildFile; fileRef = CEB3DB8F23DDF85B004B19C7 /* AppDelegate.swift */; };
		CEB3DB9223DDF85B004B19C7 /* SceneDelegate.swift in Sources */ = {isa = PBXBuildFile; fileRef = CEB3DB9123DDF85B004B19C7 /* SceneDelegate.swift */; };
		CEB3DB9423DDF85B004B19C7 /* ViewController.swift in Sources */ = {isa = PBXBuildFile; fileRef = CEB3DB9323DDF85B004B19C7 /* ViewController.swift */; };
		CEB3DB9723DDF85B004B19C7 /* Main.storyboard in Resources */ = {isa = PBXBuildFile; fileRef = CEB3DB9523DDF85B004B19C7 /* Main.storyboard */; };
		CEB3DB9923DDF85D004B19C7 /* Assets.xcassets in Resources */ = {isa = PBXBuildFile; fileRef = CEB3DB9823DDF85D004B19C7 /* Assets.xcassets */; };
		CEB3DB9C23DDF85D004B19C7 /* LaunchScreen.storyboard in Resources */ = {isa = PBXBuildFile; fileRef = CEB3DB9A23DDF85D004B19C7 /* LaunchScreen.storyboard */; };
		CEB3DBA523DDF966004B19C7 /* GroupsTableViewController.swift in Sources */ = {isa = PBXBuildFile; fileRef = CEB3DBA323DDF966004B19C7 /* GroupsTableViewController.swift */; };
		CEB3DBB223DE1549004B19C7 /* UITableViewCell+Extras.swift in Sources */ = {isa = PBXBuildFile; fileRef = CEB3DBB123DE1549004B19C7 /* UITableViewCell+Extras.swift */; };
		CECA011B23E274AF00727A31 /* NewGroupViewController.swift in Sources */ = {isa = PBXBuildFile; fileRef = CECA011923E274AF00727A31 /* NewGroupViewController.swift */; };
		CECA011C23E274AF00727A31 /* NewGroupViewController.xib in Resources */ = {isa = PBXBuildFile; fileRef = CECA011A23E274AF00727A31 /* NewGroupViewController.xib */; };
		CECA011E23E2758A00727A31 /* Constants.swift in Sources */ = {isa = PBXBuildFile; fileRef = CECA011D23E2758A00727A31 /* Constants.swift */; };
		CECA012123E2859A00727A31 /* TestViewController.swift in Sources */ = {isa = PBXBuildFile; fileRef = CECA011F23E2859A00727A31 /* TestViewController.swift */; };
		CECA012223E2859A00727A31 /* TestViewController.xib in Resources */ = {isa = PBXBuildFile; fileRef = CECA012023E2859A00727A31 /* TestViewController.xib */; };
		CECA012523E4124A00727A31 /* Group.swift in Sources */ = {isa = PBXBuildFile; fileRef = CECA012423E4124A00727A31 /* Group.swift */; };
		CECA012823E67A2500727A31 /* PlaylistSchedulerViewController.swift in Sources */ = {isa = PBXBuildFile; fileRef = CECA012623E67A2500727A31 /* PlaylistSchedulerViewController.swift */; };
		CECA012923E67A2500727A31 /* PlaylistSchedulerViewController.xib in Resources */ = {isa = PBXBuildFile; fileRef = CECA012723E67A2500727A31 /* PlaylistSchedulerViewController.xib */; };
/* End PBXBuildFile section */

/* Begin PBXFileReference section */
		CE7F287423DEA5E600AB2188 /* UIStackView+Extras.swift */ = {isa = PBXFileReference; lastKnownFileType = sourcecode.swift; path = "UIStackView+Extras.swift"; sourceTree = "<group>"; };
		CE7F287A23DEB8B400AB2188 /* GroupItemTableViewCell.swift */ = {isa = PBXFileReference; lastKnownFileType = sourcecode.swift; path = GroupItemTableViewCell.swift; sourceTree = "<group>"; };
		CE7F287B23DEB8B400AB2188 /* GroupItemTableViewCell.xib */ = {isa = PBXFileReference; lastKnownFileType = file.xib; path = GroupItemTableViewCell.xib; sourceTree = "<group>"; };
		CE7F288323DFDA5D00AB2188 /* Base */ = {isa = PBXFileReference; lastKnownFileType = file.storyboard; name = Base; path = pisignage/Base.lproj/Groups.storyboard; sourceTree = "<group>"; };
		CE7F288623DFDAF400AB2188 /* PlayersTableViewController.swift */ = {isa = PBXFileReference; lastKnownFileType = sourcecode.swift; path = PlayersTableViewController.swift; sourceTree = "<group>"; };
		CE7F288B23DFDB0B00AB2188 /* Base */ = {isa = PBXFileReference; lastKnownFileType = file.storyboard; name = Base; path = pisignage/Base.lproj/Players.storyboard; sourceTree = "<group>"; };
		CEB3DB8C23DDF85B004B19C7 /* pisignage.app */ = {isa = PBXFileReference; explicitFileType = wrapper.application; includeInIndex = 0; path = pisignage.app; sourceTree = BUILT_PRODUCTS_DIR; };
		CEB3DB8F23DDF85B004B19C7 /* AppDelegate.swift */ = {isa = PBXFileReference; lastKnownFileType = sourcecode.swift; path = AppDelegate.swift; sourceTree = "<group>"; };
		CEB3DB9123DDF85B004B19C7 /* SceneDelegate.swift */ = {isa = PBXFileReference; lastKnownFileType = sourcecode.swift; path = SceneDelegate.swift; sourceTree = "<group>"; };
		CEB3DB9323DDF85B004B19C7 /* ViewController.swift */ = {isa = PBXFileReference; lastKnownFileType = sourcecode.swift; path = ViewController.swift; sourceTree = "<group>"; };
		CEB3DB9623DDF85B004B19C7 /* Base */ = {isa = PBXFileReference; lastKnownFileType = file.storyboard; name = Base; path = Base.lproj/Main.storyboard; sourceTree = "<group>"; };
		CEB3DB9823DDF85D004B19C7 /* Assets.xcassets */ = {isa = PBXFileReference; lastKnownFileType = folder.assetcatalog; path = Assets.xcassets; sourceTree = "<group>"; };
		CEB3DB9B23DDF85D004B19C7 /* Base */ = {isa = PBXFileReference; lastKnownFileType = file.storyboard; name = Base; path = Base.lproj/LaunchScreen.storyboard; sourceTree = "<group>"; };
		CEB3DB9D23DDF85D004B19C7 /* Info.plist */ = {isa = PBXFileReference; lastKnownFileType = text.plist.xml; path = Info.plist; sourceTree = "<group>"; };
		CEB3DBA323DDF966004B19C7 /* GroupsTableViewController.swift */ = {isa = PBXFileReference; lastKnownFileType = sourcecode.swift; path = GroupsTableViewController.swift; sourceTree = "<group>"; };
		CEB3DBB123DE1549004B19C7 /* UITableViewCell+Extras.swift */ = {isa = PBXFileReference; lastKnownFileType = sourcecode.swift; path = "UITableViewCell+Extras.swift"; sourceTree = "<group>"; };
		CECA011923E274AF00727A31 /* NewGroupViewController.swift */ = {isa = PBXFileReference; lastKnownFileType = sourcecode.swift; path = NewGroupViewController.swift; sourceTree = "<group>"; };
		CECA011A23E274AF00727A31 /* NewGroupViewController.xib */ = {isa = PBXFileReference; lastKnownFileType = file.xib; path = NewGroupViewController.xib; sourceTree = "<group>"; };
		CECA011D23E2758A00727A31 /* Constants.swift */ = {isa = PBXFileReference; lastKnownFileType = sourcecode.swift; path = Constants.swift; sourceTree = "<group>"; };
		CECA011F23E2859A00727A31 /* TestViewController.swift */ = {isa = PBXFileReference; lastKnownFileType = sourcecode.swift; path = TestViewController.swift; sourceTree = "<group>"; };
		CECA012023E2859A00727A31 /* TestViewController.xib */ = {isa = PBXFileReference; lastKnownFileType = file.xib; path = TestViewController.xib; sourceTree = "<group>"; };
		CECA012423E4124A00727A31 /* Group.swift */ = {isa = PBXFileReference; lastKnownFileType = sourcecode.swift; path = Group.swift; sourceTree = "<group>"; };
		CECA012623E67A2500727A31 /* PlaylistSchedulerViewController.swift */ = {isa = PBXFileReference; lastKnownFileType = sourcecode.swift; path = PlaylistSchedulerViewController.swift; sourceTree = "<group>"; };
		CECA012723E67A2500727A31 /* PlaylistSchedulerViewController.xib */ = {isa = PBXFileReference; lastKnownFileType = file.xib; path = PlaylistSchedulerViewController.xib; sourceTree = "<group>"; };
/* End PBXFileReference section */

/* Begin PBXFrameworksBuildPhase section */
		CEB3DB8923DDF85B004B19C7 /* Frameworks */ = {
			isa = PBXFrameworksBuildPhase;
			buildActionMask = 2147483647;
			files = (
			);
			runOnlyForDeploymentPostprocessing = 0;
		};
/* End PBXFrameworksBuildPhase section */

/* Begin PBXGroup section */
		CE5BF77623DE1C5000E41EFF /* Cells */ = {
			isa = PBXGroup;
			children = (
				CE7F287A23DEB8B400AB2188 /* GroupItemTableViewCell.swift */,
				CE7F287B23DEB8B400AB2188 /* GroupItemTableViewCell.xib */,
			);
			path = Cells;
			sourceTree = "<group>";
		};
		CE7F288523DFDAD400AB2188 /* Players */ = {
			isa = PBXGroup;
			children = (
				CE7F288A23DFDB0B00AB2188 /* Players.storyboard */,
				CE7F288623DFDAF400AB2188 /* PlayersTableViewController.swift */,
			);
			path = Players;
			sourceTree = "<group>";
		};
		CEB3DB8323DDF85B004B19C7 = {
			isa = PBXGroup;
			children = (
				CEB3DB8E23DDF85B004B19C7 /* pisignage */,
				CEB3DB8D23DDF85B004B19C7 /* Products */,
			);
			sourceTree = "<group>";
		};
		CEB3DB8D23DDF85B004B19C7 /* Products */ = {
			isa = PBXGroup;
			children = (
				CEB3DB8C23DDF85B004B19C7 /* pisignage.app */,
			);
			name = Products;
			sourceTree = "<group>";
		};
		CEB3DB8E23DDF85B004B19C7 /* pisignage */ = {
			isa = PBXGroup;
			children = (
				CECA012A23E67A3100727A31 /* Playlist Scheduler */,
				CECA012323E4122F00727A31 /* Models */,
				CE7F288523DFDAD400AB2188 /* Players */,
				CEB3DBB023DE14FB004B19C7 /* Extensions */,
				CEB3DB8F23DDF85B004B19C7 /* AppDelegate.swift */,
				CEB3DB9123DDF85B004B19C7 /* SceneDelegate.swift */,
				CEB3DB9323DDF85B004B19C7 /* ViewController.swift */,
				CEB3DBA723DDF9B2004B19C7 /* Groups */,
				CEB3DB9523DDF85B004B19C7 /* Main.storyboard */,
				CEB3DB9823DDF85D004B19C7 /* Assets.xcassets */,
				CEB3DB9A23DDF85D004B19C7 /* LaunchScreen.storyboard */,
				CEB3DB9D23DDF85D004B19C7 /* Info.plist */,
				CECA011D23E2758A00727A31 /* Constants.swift */,
			);
			path = pisignage;
			sourceTree = "<group>";
		};
		CEB3DBA723DDF9B2004B19C7 /* Groups */ = {
			isa = PBXGroup;
			children = (
				CECA011923E274AF00727A31 /* NewGroupViewController.swift */,
				CECA011A23E274AF00727A31 /* NewGroupViewController.xib */,
				CE7F288223DFDA5D00AB2188 /* Groups.storyboard */,
				CEB3DBA323DDF966004B19C7 /* GroupsTableViewController.swift */,
				CE5BF77623DE1C5000E41EFF /* Cells */,
				CECA011F23E2859A00727A31 /* TestViewController.swift */,
				CECA012023E2859A00727A31 /* TestViewController.xib */,
			);
			path = Groups;
			sourceTree = "<group>";
		};
		CEB3DBB023DE14FB004B19C7 /* Extensions */ = {
			isa = PBXGroup;
			children = (
				CEB3DBB123DE1549004B19C7 /* UITableViewCell+Extras.swift */,
				CE7F287423DEA5E600AB2188 /* UIStackView+Extras.swift */,
			);
			path = Extensions;
			sourceTree = "<group>";
		};
		CECA012323E4122F00727A31 /* Models */ = {
			isa = PBXGroup;
			children = (
				CECA012423E4124A00727A31 /* Group.swift */,
			);
			path = Models;
			sourceTree = "<group>";
		};
		CECA012A23E67A3100727A31 /* Playlist Scheduler */ = {
			isa = PBXGroup;
			children = (
				CECA012623E67A2500727A31 /* PlaylistSchedulerViewController.swift */,
				CECA012723E67A2500727A31 /* PlaylistSchedulerViewController.xib */,
			);
			path = "Playlist Scheduler";
			sourceTree = "<group>";
		};
/* End PBXGroup section */

/* Begin PBXNativeTarget section */
		CEB3DB8B23DDF85B004B19C7 /* pisignage */ = {
			isa = PBXNativeTarget;
			buildConfigurationList = CEB3DBA023DDF85D004B19C7 /* Build configuration list for PBXNativeTarget "pisignage" */;
			buildPhases = (
				CEB3DB8823DDF85B004B19C7 /* Sources */,
				CEB3DB8923DDF85B004B19C7 /* Frameworks */,
				CEB3DB8A23DDF85B004B19C7 /* Resources */,
			);
			buildRules = (
			);
			dependencies = (
			);
			name = pisignage;
			productName = pisignage;
			productReference = CEB3DB8C23DDF85B004B19C7 /* pisignage.app */;
			productType = "com.apple.product-type.application";
		};
/* End PBXNativeTarget section */

/* Begin PBXProject section */
		CEB3DB8423DDF85B004B19C7 /* Project object */ = {
			isa = PBXProject;
			attributes = {
				LastSwiftUpdateCheck = 1130;
				LastUpgradeCheck = 1130;
				ORGANIZATIONNAME = user;
				TargetAttributes = {
					CEB3DB8B23DDF85B004B19C7 = {
						CreatedOnToolsVersion = 11.3.1;
					};
				};
			};
			buildConfigurationList = CEB3DB8723DDF85B004B19C7 /* Build configuration list for PBXProject "pisignage" */;
			compatibilityVersion = "Xcode 9.3";
			developmentRegion = en;
			hasScannedForEncodings = 0;
			knownRegions = (
				en,
				Base,
			);
			mainGroup = CEB3DB8323DDF85B004B19C7;
			productRefGroup = CEB3DB8D23DDF85B004B19C7 /* Products */;
			projectDirPath = "";
			projectRoot = "";
			targets = (
				CEB3DB8B23DDF85B004B19C7 /* pisignage */,
			);
		};
/* End PBXProject section */

/* Begin PBXResourcesBuildPhase section */
		CEB3DB8A23DDF85B004B19C7 /* Resources */ = {
			isa = PBXResourcesBuildPhase;
			buildActionMask = 2147483647;
			files = (
				CE7F288423DFDA5D00AB2188 /* Groups.storyboard in Resources */,
				CEB3DB9C23DDF85D004B19C7 /* LaunchScreen.storyboard in Resources */,
				CECA012923E67A2500727A31 /* PlaylistSchedulerViewController.xib in Resources */,
				CE7F288C23DFDB0B00AB2188 /* Players.storyboard in Resources */,
				CECA011C23E274AF00727A31 /* NewGroupViewController.xib in Resources */,
				CE7F287D23DEB8B400AB2188 /* GroupItemTableViewCell.xib in Resources */,
				CEB3DB9923DDF85D004B19C7 /* Assets.xcassets in Resources */,
				CECA012223E2859A00727A31 /* TestViewController.xib in Resources */,
				CEB3DB9723DDF85B004B19C7 /* Main.storyboard in Resources */,
			);
			runOnlyForDeploymentPostprocessing = 0;
		};
/* End PBXResourcesBuildPhase section */

/* Begin PBXSourcesBuildPhase section */
		CEB3DB8823DDF85B004B19C7 /* Sources */ = {
			isa = PBXSourcesBuildPhase;
			buildActionMask = 2147483647;
			files = (
				CEB3DB9423DDF85B004B19C7 /* ViewController.swift in Sources */,
				CEB3DBA523DDF966004B19C7 /* GroupsTableViewController.swift in Sources */,
				CECA012123E2859A00727A31 /* TestViewController.swift in Sources */,
				CECA012523E4124A00727A31 /* Group.swift in Sources */,
				CEB3DBB223DE1549004B19C7 /* UITableViewCell+Extras.swift in Sources */,
				CE7F287C23DEB8B400AB2188 /* GroupItemTableViewCell.swift in Sources */,
				CECA011B23E274AF00727A31 /* NewGroupViewController.swift in Sources */,
				CECA011E23E2758A00727A31 /* Constants.swift in Sources */,
				CE7F287523DEA5E600AB2188 /* UIStackView+Extras.swift in Sources */,
				CECA012823E67A2500727A31 /* PlaylistSchedulerViewController.swift in Sources */,
				CE7F288823DFDAF400AB2188 /* PlayersTableViewController.swift in Sources */,
				CEB3DB9023DDF85B004B19C7 /* AppDelegate.swift in Sources */,
				CEB3DB9223DDF85B004B19C7 /* SceneDelegate.swift in Sources */,
			);
			runOnlyForDeploymentPostprocessing = 0;
		};
/* End PBXSourcesBuildPhase section */

/* Begin PBXVariantGroup section */
		CE7F288223DFDA5D00AB2188 /* Groups.storyboard */ = {
			isa = PBXVariantGroup;
			children = (
				CE7F288323DFDA5D00AB2188 /* Base */,
			);
			name = Groups.storyboard;
			sourceTree = "<group>";
		};
		CE7F288A23DFDB0B00AB2188 /* Players.storyboard */ = {
			isa = PBXVariantGroup;
			children = (
				CE7F288B23DFDB0B00AB2188 /* Base */,
			);
			name = Players.storyboard;
			sourceTree = "<group>";
		};
		CEB3DB9523DDF85B004B19C7 /* Main.storyboard */ = {
			isa = PBXVariantGroup;
			children = (
				CEB3DB9623DDF85B004B19C7 /* Base */,
			);
			name = Main.storyboard;
			sourceTree = "<group>";
		};
		CEB3DB9A23DDF85D004B19C7 /* LaunchScreen.storyboard */ = {
			isa = PBXVariantGroup;
			children = (
				CEB3DB9B23DDF85D004B19C7 /* Base */,
			);
			name = LaunchScreen.storyboard;
			sourceTree = "<group>";
		};
/* End PBXVariantGroup section */

/* Begin XCBuildConfiguration section */
		CEB3DB9E23DDF85D004B19C7 /* Debug */ = {
			isa = XCBuildConfiguration;
			buildSettings = {
				ALWAYS_SEARCH_USER_PATHS = NO;
				CLANG_ANALYZER_NONNULL = YES;
				CLANG_ANALYZER_NUMBER_OBJECT_CONVERSION = YES_AGGRESSIVE;
				CLANG_CXX_LANGUAGE_STANDARD = "gnu++14";
				CLANG_CXX_LIBRARY = "libc++";
				CLANG_ENABLE_MODULES = YES;
				CLANG_ENABLE_OBJC_ARC = YES;
				CLANG_ENABLE_OBJC_WEAK = YES;
				CLANG_WARN_BLOCK_CAPTURE_AUTORELEASING = YES;
				CLANG_WARN_BOOL_CONVERSION = YES;
				CLANG_WARN_COMMA = YES;
				CLANG_WARN_CONSTANT_CONVERSION = YES;
				CLANG_WARN_DEPRECATED_OBJC_IMPLEMENTATIONS = YES;
				CLANG_WARN_DIRECT_OBJC_ISA_USAGE = YES_ERROR;
				CLANG_WARN_DOCUMENTATION_COMMENTS = YES;
				CLANG_WARN_EMPTY_BODY = YES;
				CLANG_WARN_ENUM_CONVERSION = YES;
				CLANG_WARN_INFINITE_RECURSION = YES;
				CLANG_WARN_INT_CONVERSION = YES;
				CLANG_WARN_NON_LITERAL_NULL_CONVERSION = YES;
				CLANG_WARN_OBJC_IMPLICIT_RETAIN_SELF = YES;
				CLANG_WARN_OBJC_LITERAL_CONVERSION = YES;
				CLANG_WARN_OBJC_ROOT_CLASS = YES_ERROR;
				CLANG_WARN_RANGE_LOOP_ANALYSIS = YES;
				CLANG_WARN_STRICT_PROTOTYPES = YES;
				CLANG_WARN_SUSPICIOUS_MOVE = YES;
				CLANG_WARN_UNGUARDED_AVAILABILITY = YES_AGGRESSIVE;
				CLANG_WARN_UNREACHABLE_CODE = YES;
				CLANG_WARN__DUPLICATE_METHOD_MATCH = YES;
				COPY_PHASE_STRIP = NO;
				DEBUG_INFORMATION_FORMAT = dwarf;
				ENABLE_STRICT_OBJC_MSGSEND = YES;
				ENABLE_TESTABILITY = YES;
				GCC_C_LANGUAGE_STANDARD = gnu11;
				GCC_DYNAMIC_NO_PIC = NO;
				GCC_NO_COMMON_BLOCKS = YES;
				GCC_OPTIMIZATION_LEVEL = 0;
				GCC_PREPROCESSOR_DEFINITIONS = (
					"DEBUG=1",
					"$(inherited)",
				);
				GCC_WARN_64_TO_32_BIT_CONVERSION = YES;
				GCC_WARN_ABOUT_RETURN_TYPE = YES_ERROR;
				GCC_WARN_UNDECLARED_SELECTOR = YES;
				GCC_WARN_UNINITIALIZED_AUTOS = YES_AGGRESSIVE;
				GCC_WARN_UNUSED_FUNCTION = YES;
				GCC_WARN_UNUSED_VARIABLE = YES;
				IPHONEOS_DEPLOYMENT_TARGET = 13.2;
				MTL_ENABLE_DEBUG_INFO = INCLUDE_SOURCE;
				MTL_FAST_MATH = YES;
				ONLY_ACTIVE_ARCH = YES;
				SDKROOT = iphoneos;
				SWIFT_ACTIVE_COMPILATION_CONDITIONS = DEBUG;
				SWIFT_OPTIMIZATION_LEVEL = "-Onone";
			};
			name = Debug;
		};
		CEB3DB9F23DDF85D004B19C7 /* Release */ = {
			isa = XCBuildConfiguration;
			buildSettings = {
				ALWAYS_SEARCH_USER_PATHS = NO;
				CLANG_ANALYZER_NONNULL = YES;
				CLANG_ANALYZER_NUMBER_OBJECT_CONVERSION = YES_AGGRESSIVE;
				CLANG_CXX_LANGUAGE_STANDARD = "gnu++14";
				CLANG_CXX_LIBRARY = "libc++";
				CLANG_ENABLE_MODULES = YES;
				CLANG_ENABLE_OBJC_ARC = YES;
				CLANG_ENABLE_OBJC_WEAK = YES;
				CLANG_WARN_BLOCK_CAPTURE_AUTORELEASING = YES;
				CLANG_WARN_BOOL_CONVERSION = YES;
				CLANG_WARN_COMMA = YES;
				CLANG_WARN_CONSTANT_CONVERSION = YES;
				CLANG_WARN_DEPRECATED_OBJC_IMPLEMENTATIONS = YES;
				CLANG_WARN_DIRECT_OBJC_ISA_USAGE = YES_ERROR;
				CLANG_WARN_DOCUMENTATION_COMMENTS = YES;
				CLANG_WARN_EMPTY_BODY = YES;
				CLANG_WARN_ENUM_CONVERSION = YES;
				CLANG_WARN_INFINITE_RECURSION = YES;
				CLANG_WARN_INT_CONVERSION = YES;
				CLANG_WARN_NON_LITERAL_NULL_CONVERSION = YES;
				CLANG_WARN_OBJC_IMPLICIT_RETAIN_SELF = YES;
				CLANG_WARN_OBJC_LITERAL_CONVERSION = YES;
				CLANG_WARN_OBJC_ROOT_CLASS = YES_ERROR;
				CLANG_WARN_RANGE_LOOP_ANALYSIS = YES;
				CLANG_WARN_STRICT_PROTOTYPES = YES;
				CLANG_WARN_SUSPICIOUS_MOVE = YES;
				CLANG_WARN_UNGUARDED_AVAILABILITY = YES_AGGRESSIVE;
				CLANG_WARN_UNREACHABLE_CODE = YES;
				CLANG_WARN__DUPLICATE_METHOD_MATCH = YES;
				COPY_PHASE_STRIP = NO;
				DEBUG_INFORMATION_FORMAT = "dwarf-with-dsym";
				ENABLE_NS_ASSERTIONS = NO;
				ENABLE_STRICT_OBJC_MSGSEND = YES;
				GCC_C_LANGUAGE_STANDARD = gnu11;
				GCC_NO_COMMON_BLOCKS = YES;
				GCC_WARN_64_TO_32_BIT_CONVERSION = YES;
				GCC_WARN_ABOUT_RETURN_TYPE = YES_ERROR;
				GCC_WARN_UNDECLARED_SELECTOR = YES;
				GCC_WARN_UNINITIALIZED_AUTOS = YES_AGGRESSIVE;
				GCC_WARN_UNUSED_FUNCTION = YES;
				GCC_WARN_UNUSED_VARIABLE = YES;
				IPHONEOS_DEPLOYMENT_TARGET = 13.2;
				MTL_ENABLE_DEBUG_INFO = NO;
				MTL_FAST_MATH = YES;
				SDKROOT = iphoneos;
				SWIFT_COMPILATION_MODE = wholemodule;
				SWIFT_OPTIMIZATION_LEVEL = "-O";
				VALIDATE_PRODUCT = YES;
			};
			name = Release;
		};
		CEB3DBA123DDF85D004B19C7 /* Debug */ = {
			isa = XCBuildConfiguration;
			buildSettings = {
				ASSETCATALOG_COMPILER_APPICON_NAME = AppIcon;
				CODE_SIGN_STYLE = Automatic;
				DEVELOPMENT_TEAM = 48K35CNGMH;
				INFOPLIST_FILE = pisignage/Info.plist;
				LD_RUNPATH_SEARCH_PATHS = (
					"$(inherited)",
					"@executable_path/Frameworks",
				);
				PRODUCT_BUNDLE_IDENTIFIER = com.jarcos.ios.pisignage;
				PRODUCT_NAME = "$(TARGET_NAME)";
				SWIFT_VERSION = 5.0;
				TARGETED_DEVICE_FAMILY = "1,2";
			};
			name = Debug;
		};
		CEB3DBA223DDF85D004B19C7 /* Release */ = {
			isa = XCBuildConfiguration;
			buildSettings = {
				ASSETCATALOG_COMPILER_APPICON_NAME = AppIcon;
				CODE_SIGN_STYLE = Automatic;
				DEVELOPMENT_TEAM = 48K35CNGMH;
				INFOPLIST_FILE = pisignage/Info.plist;
				LD_RUNPATH_SEARCH_PATHS = (
					"$(inherited)",
					"@executable_path/Frameworks",
				);
				PRODUCT_BUNDLE_IDENTIFIER = com.jarcos.ios.pisignage;
				PRODUCT_NAME = "$(TARGET_NAME)";
				SWIFT_VERSION = 5.0;
				TARGETED_DEVICE_FAMILY = "1,2";
			};
			name = Release;
		};
/* End XCBuildConfiguration section */

/* Begin XCConfigurationList section */
		CEB3DB8723DDF85B004B19C7 /* Build configuration list for PBXProject "pisignage" */ = {
			isa = XCConfigurationList;
			buildConfigurations = (
				CEB3DB9E23DDF85D004B19C7 /* Debug */,
				CEB3DB9F23DDF85D004B19C7 /* Release */,
			);
			defaultConfigurationIsVisible = 0;
			defaultConfigurationName = Release;
		};
		CEB3DBA023DDF85D004B19C7 /* Build configuration list for PBXNativeTarget "pisignage" */ = {
			isa = XCConfigurationList;
			buildConfigurations = (
				CEB3DBA123DDF85D004B19C7 /* Debug */,
				CEB3DBA223DDF85D004B19C7 /* Release */,
			);
			defaultConfigurationIsVisible = 0;
			defaultConfigurationName = Release;
		};
/* End XCConfigurationList section */
	};
	rootObject = CEB3DB8423DDF85B004B19C7 /* Project object */;
}
